
Microsoft Visual Studio Solution File, Format Version 12.00
# Visual Studio 2013
VisualStudioVersion = 12.0.30501.0
MinimumVisualStudioVersion = 10.0.40219.1
Project("{F184B08F-C81C-45F6-A57F-5ABD9991F28F}") = "vini_DB", "vini_DB\vini_DB.vbproj", "{EEB9341C-D291-43A5-B51C-D88089D92BD0}"
EndProject
Project("{F184B08F-C81C-45F6-A57F-5ABD9991F28F}") = "vini_app", "vini_app\vini_app.vbproj", "{4A5FDB23-CD5B-4349-8715-756F0CF09CA4}"
EndProject
Project("{F184B08F-C81C-45F6-A57F-5ABD9991F28F}") = "vini_service", "vini_service\vini_service.vbproj", "{D8D2CEC7-DA65-4B6B-A326-D086AC8F66EE}"
EndProject
Project("{F184B08F-C81C-45F6-A57F-5ABD9991F28F}") = "vini_internet", "vini_internet\vini_internet.vbproj", "{D853C6BE-B0FC-42D9-87C1-17BA9E746999}"
EndProject
Project("{F184B08F-C81C-45F6-A57F-5ABD9991F28F}") = "vini_test", "vini_test\vini_test.vbproj", "{EB8B2400-9F8B-42C9-9CD6-58B173BC234F}"
EndProject
Project("{2150E333-8FDC-42A3-9474-1A3956D46DE8}") = "Docs", "Docs", "{D9AB8376-DE25-441F-9513-00FD99F1DBA6}"
	ProjectSection(SolutionItems) = preProject
		Docs\CodesCloudForge.txt = Docs\CodesCloudForge.txt
		Docs\Contenu de la version 1.7.doc = Docs\Contenu de la version 1.7.doc
		Docs\ErrorFax.doc = Docs\ErrorFax.doc
		Docs\MSFLEXGRID.txt = Docs\MSFLEXGRID.txt
		Docs\Notes sur les purges.doc = Docs\Notes sur les purges.doc
		Docs\ProcInstall.doc = Docs\ProcInstall.doc
		Docs\Procédure d'installation.doc = Docs\Procédure d'installation.doc
		Docs\Procédure d'installation1.5.doc = Docs\Procédure d'installation1.5.doc
		Docs\Procédure d'installation1.6.doc = Docs\Procédure d'installation1.6.doc
		Docs\Procédure d'installation1.7.doc = Docs\Procédure d'installation1.7.doc
		Docs\Procédure d'installation1.8.doc = Docs\Procédure d'installation1.8.doc
		Docs\Procédure d'installation1.9.1.doc = Docs\Procédure d'installation1.9.1.doc
		Docs\Procédure d'installation1.9.2.doc = Docs\Procédure d'installation1.9.2.doc
		Docs\Procédure d'installation1.9.3.doc = Docs\Procédure d'installation1.9.3.doc
		Docs\Procédure d'installation1.9.4.doc = Docs\Procédure d'installation1.9.4.doc
		Docs\Procédure d'installation1.9.7.doc = Docs\Procédure d'installation1.9.7.doc
		Docs\Procédure d'installation1.9.doc = Docs\Procédure d'installation1.9.doc
		Docs\Procédure d'installation2.1.0.doc = Docs\Procédure d'installation2.1.0.doc
		Docs\Procédure d'installation2.1.1.doc = Docs\Procédure d'installation2.1.1.doc
		Docs\Procédure d'installation2.2.3.doc = Docs\Procédure d'installation2.2.3.doc
		Docs\QF_MC.pdf = Docs\QF_MC.pdf
		Docs\QuadraFacturation_IMPortEXport(2).pdf = Docs\QuadraFacturation_IMPortEXport(2).pdf
		Docs\QuadraFacturation_IMPortEXport.pdf = Docs\QuadraFacturation_IMPortEXport.pdf
		Docs\Requetes.doc = Docs\Requetes.doc
		Docs\RQ_BilanFinancier.doc = Docs\RQ_BilanFinancier.doc
	EndProjectSection
EndProject
Project("{2150E333-8FDC-42A3-9474-1A3956D46DE8}") = "Solution Items", "Solution Items", "{EFBD3173-66A3-485D-B1BA-81C850577847}"
EndProject
Global
	GlobalSection(SubversionScc) = preSolution
		Svn-Managed = True
		Manager = AnkhSVN - Subversion Support for Visual Studio
	EndGlobalSection
	GlobalSection(SolutionConfigurationPlatforms) = preSolution
		Debug|Any CPU = Debug|Any CPU
		Debug|Mixed Platforms = Debug|Mixed Platforms
		Debug|PHP 5.5 = Debug|PHP 5.5
		Debug|x86 = Debug|x86
		DEV|Any CPU = DEV|Any CPU
		DEV|Mixed Platforms = DEV|Mixed Platforms
		DEV|PHP 5.5 = DEV|PHP 5.5
		DEV|x86 = DEV|x86
		dev2|Any CPU = dev2|Any CPU
		dev2|Mixed Platforms = dev2|Mixed Platforms
		dev2|PHP 5.5 = dev2|PHP 5.5
		dev2|x86 = dev2|x86
		dv2|Any CPU = dv2|Any CPU
		dv2|Mixed Platforms = dv2|Mixed Platforms
		dv2|PHP 5.5 = dv2|PHP 5.5
		dv2|x86 = dv2|x86
		Release|Any CPU = Release|Any CPU
		Release|Mixed Platforms = Release|Mixed Platforms
		Release|PHP 5.5 = Release|PHP 5.5
		Release|x86 = Release|x86
	EndGlobalSection
	GlobalSection(ProjectConfigurationPlatforms) = postSolution
		{EEB9341C-D291-43A5-B51C-D88089D92BD0}.Debug|Any CPU.ActiveCfg = Debug|Any CPU
		{EEB9341C-D291-43A5-B51C-D88089D92BD0}.Debug|Any CPU.Build.0 = Debug|Any CPU
		{EEB9341C-D291-43A5-B51C-D88089D92BD0}.Debug|Mixed Platforms.ActiveCfg = Debug|Any CPU
		{EEB9341C-D291-43A5-B51C-D88089D92BD0}.Debug|Mixed Platforms.Build.0 = Debug|Any CPU
		{EEB9341C-D291-43A5-B51C-D88089D92BD0}.Debug|PHP 5.5.ActiveCfg = Debug|Any CPU
		{EEB9341C-D291-43A5-B51C-D88089D92BD0}.Debug|x86.ActiveCfg = Debug|Any CPU
		{EEB9341C-D291-43A5-B51C-D88089D92BD0}.DEV|Any CPU.ActiveCfg = DEV|Any CPU
		{EEB9341C-D291-43A5-B51C-D88089D92BD0}.DEV|Any CPU.Build.0 = DEV|Any CPU
		{EEB9341C-D291-43A5-B51C-D88089D92BD0}.DEV|Mixed Platforms.ActiveCfg = DEV|Any CPU
		{EEB9341C-D291-43A5-B51C-D88089D92BD0}.DEV|Mixed Platforms.Build.0 = DEV|Any CPU
		{EEB9341C-D291-43A5-B51C-D88089D92BD0}.DEV|PHP 5.5.ActiveCfg = DEV|Any CPU
		{EEB9341C-D291-43A5-B51C-D88089D92BD0}.DEV|x86.ActiveCfg = DEV|Any CPU
		{EEB9341C-D291-43A5-B51C-D88089D92BD0}.dev2|Any CPU.ActiveCfg = dev2|Any CPU
		{EEB9341C-D291-43A5-B51C-D88089D92BD0}.dev2|Any CPU.Build.0 = dev2|Any CPU
		{EEB9341C-D291-43A5-B51C-D88089D92BD0}.dev2|Mixed Platforms.ActiveCfg = dev2|Any CPU
		{EEB9341C-D291-43A5-B51C-D88089D92BD0}.dev2|Mixed Platforms.Build.0 = dev2|Any CPU
		{EEB9341C-D291-43A5-B51C-D88089D92BD0}.dev2|PHP 5.5.ActiveCfg = dev2|Any CPU
		{EEB9341C-D291-43A5-B51C-D88089D92BD0}.dev2|x86.ActiveCfg = dev2|Any CPU
		{EEB9341C-D291-43A5-B51C-D88089D92BD0}.dv2|Any CPU.ActiveCfg = dv2|Any CPU
		{EEB9341C-D291-43A5-B51C-D88089D92BD0}.dv2|Any CPU.Build.0 = dv2|Any CPU
		{EEB9341C-D291-43A5-B51C-D88089D92BD0}.dv2|Mixed Platforms.ActiveCfg = dv2|Any CPU
		{EEB9341C-D291-43A5-B51C-D88089D92BD0}.dv2|Mixed Platforms.Build.0 = dv2|Any CPU
		{EEB9341C-D291-43A5-B51C-D88089D92BD0}.dv2|PHP 5.5.ActiveCfg = dv2|Any CPU
		{EEB9341C-D291-43A5-B51C-D88089D92BD0}.dv2|x86.ActiveCfg = dv2|Any CPU
		{EEB9341C-D291-43A5-B51C-D88089D92BD0}.Release|Any CPU.ActiveCfg = Release|Any CPU
		{EEB9341C-D291-43A5-B51C-D88089D92BD0}.Release|Any CPU.Build.0 = Release|Any CPU
		{EEB9341C-D291-43A5-B51C-D88089D92BD0}.Release|Mixed Platforms.ActiveCfg = Release|Any CPU
		{EEB9341C-D291-43A5-B51C-D88089D92BD0}.Release|Mixed Platforms.Build.0 = Release|Any CPU
		{EEB9341C-D291-43A5-B51C-D88089D92BD0}.Release|PHP 5.5.ActiveCfg = Release|Any CPU
		{EEB9341C-D291-43A5-B51C-D88089D92BD0}.Release|x86.ActiveCfg = Release|Any CPU
		{4A5FDB23-CD5B-4349-8715-756F0CF09CA4}.Debug|Any CPU.ActiveCfg = Debug|Any CPU
		{4A5FDB23-CD5B-4349-8715-756F0CF09CA4}.Debug|Any CPU.Build.0 = Debug|Any CPU
		{4A5FDB23-CD5B-4349-8715-756F0CF09CA4}.Debug|Mixed Platforms.ActiveCfg = Debug|Any CPU
		{4A5FDB23-CD5B-4349-8715-756F0CF09CA4}.Debug|Mixed Platforms.Build.0 = Debug|Any CPU
		{4A5FDB23-CD5B-4349-8715-756F0CF09CA4}.Debug|PHP 5.5.ActiveCfg = Debug|Any CPU
		{4A5FDB23-CD5B-4349-8715-756F0CF09CA4}.Debug|x86.ActiveCfg = Debug|Any CPU
		{4A5FDB23-CD5B-4349-8715-756F0CF09CA4}.DEV|Any CPU.ActiveCfg = Debug|Any CPU
		{4A5FDB23-CD5B-4349-8715-756F0CF09CA4}.DEV|Any CPU.Build.0 = Debug|Any CPU
		{4A5FDB23-CD5B-4349-8715-756F0CF09CA4}.DEV|Mixed Platforms.ActiveCfg = Debug|Any CPU
		{4A5FDB23-CD5B-4349-8715-756F0CF09CA4}.DEV|Mixed Platforms.Build.0 = Debug|Any CPU
		{4A5FDB23-CD5B-4349-8715-756F0CF09CA4}.DEV|PHP 5.5.ActiveCfg = Debug|Any CPU
		{4A5FDB23-CD5B-4349-8715-756F0CF09CA4}.DEV|x86.ActiveCfg = Debug|Any CPU
		{4A5FDB23-CD5B-4349-8715-756F0CF09CA4}.dev2|Any CPU.ActiveCfg = Debug|Any CPU
		{4A5FDB23-CD5B-4349-8715-756F0CF09CA4}.dev2|Any CPU.Build.0 = Debug|Any CPU
		{4A5FDB23-CD5B-4349-8715-756F0CF09CA4}.dev2|Mixed Platforms.ActiveCfg = Debug|Any CPU
		{4A5FDB23-CD5B-4349-8715-756F0CF09CA4}.dev2|Mixed Platforms.Build.0 = Debug|Any CPU
		{4A5FDB23-CD5B-4349-8715-756F0CF09CA4}.dev2|PHP 5.5.ActiveCfg = Debug|Any CPU
		{4A5FDB23-CD5B-4349-8715-756F0CF09CA4}.dev2|x86.ActiveCfg = Debug|Any CPU
		{4A5FDB23-CD5B-4349-8715-756F0CF09CA4}.dv2|Any CPU.ActiveCfg = Debug|Any CPU
		{4A5FDB23-CD5B-4349-8715-756F0CF09CA4}.dv2|Any CPU.Build.0 = Debug|Any CPU
		{4A5FDB23-CD5B-4349-8715-756F0CF09CA4}.dv2|Mixed Platforms.ActiveCfg = Debug|Any CPU
		{4A5FDB23-CD5B-4349-8715-756F0CF09CA4}.dv2|Mixed Platforms.Build.0 = Debug|Any CPU
		{4A5FDB23-CD5B-4349-8715-756F0CF09CA4}.dv2|PHP 5.5.ActiveCfg = Debug|Any CPU
		{4A5FDB23-CD5B-4349-8715-756F0CF09CA4}.dv2|x86.ActiveCfg = Debug|Any CPU
		{4A5FDB23-CD5B-4349-8715-756F0CF09CA4}.Release|Any CPU.ActiveCfg = Release|Any CPU
		{4A5FDB23-CD5B-4349-8715-756F0CF09CA4}.Release|Any CPU.Build.0 = Release|Any CPU
		{4A5FDB23-CD5B-4349-8715-756F0CF09CA4}.Release|Mixed Platforms.ActiveCfg = Release|Any CPU
		{4A5FDB23-CD5B-4349-8715-756F0CF09CA4}.Release|Mixed Platforms.Build.0 = Release|Any CPU
		{4A5FDB23-CD5B-4349-8715-756F0CF09CA4}.Release|PHP 5.5.ActiveCfg = Release|Any CPU
		{4A5FDB23-CD5B-4349-8715-756F0CF09CA4}.Release|x86.ActiveCfg = Release|Any CPU
		{D8D2CEC7-DA65-4B6B-A326-D086AC8F66EE}.Debug|Any CPU.ActiveCfg = Debug|x86
		{D8D2CEC7-DA65-4B6B-A326-D086AC8F66EE}.Debug|Mixed Platforms.ActiveCfg = Debug|x86
		{D8D2CEC7-DA65-4B6B-A326-D086AC8F66EE}.Debug|Mixed Platforms.Build.0 = Debug|x86
		{D8D2CEC7-DA65-4B6B-A326-D086AC8F66EE}.Debug|PHP 5.5.ActiveCfg = Debug|x86
		{D8D2CEC7-DA65-4B6B-A326-D086AC8F66EE}.Debug|x86.ActiveCfg = Debug|x86
		{D8D2CEC7-DA65-4B6B-A326-D086AC8F66EE}.Debug|x86.Build.0 = Debug|x86
		{D8D2CEC7-DA65-4B6B-A326-D086AC8F66EE}.DEV|Any CPU.ActiveCfg = Debug|x86
		{D8D2CEC7-DA65-4B6B-A326-D086AC8F66EE}.DEV|Mixed Platforms.ActiveCfg = Debug|x86
		{D8D2CEC7-DA65-4B6B-A326-D086AC8F66EE}.DEV|Mixed Platforms.Build.0 = Debug|x86
		{D8D2CEC7-DA65-4B6B-A326-D086AC8F66EE}.DEV|PHP 5.5.ActiveCfg = Debug|x86
		{D8D2CEC7-DA65-4B6B-A326-D086AC8F66EE}.DEV|x86.ActiveCfg = Debug|x86
		{D8D2CEC7-DA65-4B6B-A326-D086AC8F66EE}.DEV|x86.Build.0 = Debug|x86
		{D8D2CEC7-DA65-4B6B-A326-D086AC8F66EE}.dev2|Any CPU.ActiveCfg = Debug|x86
		{D8D2CEC7-DA65-4B6B-A326-D086AC8F66EE}.dev2|Mixed Platforms.ActiveCfg = Debug|x86
		{D8D2CEC7-DA65-4B6B-A326-D086AC8F66EE}.dev2|Mixed Platforms.Build.0 = Debug|x86
		{D8D2CEC7-DA65-4B6B-A326-D086AC8F66EE}.dev2|PHP 5.5.ActiveCfg = Debug|x86
		{D8D2CEC7-DA65-4B6B-A326-D086AC8F66EE}.dev2|x86.ActiveCfg = Debug|x86
		{D8D2CEC7-DA65-4B6B-A326-D086AC8F66EE}.dev2|x86.Build.0 = Debug|x86
		{D8D2CEC7-DA65-4B6B-A326-D086AC8F66EE}.dv2|Any CPU.ActiveCfg = Debug|x86
		{D8D2CEC7-DA65-4B6B-A326-D086AC8F66EE}.dv2|Mixed Platforms.ActiveCfg = Debug|x86
		{D8D2CEC7-DA65-4B6B-A326-D086AC8F66EE}.dv2|Mixed Platforms.Build.0 = Debug|x86
		{D8D2CEC7-DA65-4B6B-A326-D086AC8F66EE}.dv2|PHP 5.5.ActiveCfg = Debug|x86
		{D8D2CEC7-DA65-4B6B-A326-D086AC8F66EE}.dv2|x86.ActiveCfg = Debug|x86
		{D8D2CEC7-DA65-4B6B-A326-D086AC8F66EE}.dv2|x86.Build.0 = Debug|x86
		{D8D2CEC7-DA65-4B6B-A326-D086AC8F66EE}.Release|Any CPU.ActiveCfg = Release|x86
		{D8D2CEC7-DA65-4B6B-A326-D086AC8F66EE}.Release|Mixed Platforms.ActiveCfg = Release|x86
		{D8D2CEC7-DA65-4B6B-A326-D086AC8F66EE}.Release|Mixed Platforms.Build.0 = Release|x86
		{D8D2CEC7-DA65-4B6B-A326-D086AC8F66EE}.Release|PHP 5.5.ActiveCfg = Release|x86
		{D8D2CEC7-DA65-4B6B-A326-D086AC8F66EE}.Release|x86.ActiveCfg = Release|x86
		{D8D2CEC7-DA65-4B6B-A326-D086AC8F66EE}.Release|x86.Build.0 = Release|x86
		{D853C6BE-B0FC-42D9-87C1-17BA9E746999}.Debug|Any CPU.ActiveCfg = Debug|Any CPU
		{D853C6BE-B0FC-42D9-87C1-17BA9E746999}.Debug|Any CPU.Build.0 = Debug|Any CPU
		{D853C6BE-B0FC-42D9-87C1-17BA9E746999}.Debug|Mixed Platforms.ActiveCfg = Debug|Any CPU
		{D853C6BE-B0FC-42D9-87C1-17BA9E746999}.Debug|Mixed Platforms.Build.0 = Debug|Any CPU
		{D853C6BE-B0FC-42D9-87C1-17BA9E746999}.Debug|PHP 5.5.ActiveCfg = Debug|Any CPU
		{D853C6BE-B0FC-42D9-87C1-17BA9E746999}.Debug|x86.ActiveCfg = Debug|Any CPU
		{D853C6BE-B0FC-42D9-87C1-17BA9E746999}.DEV|Any CPU.ActiveCfg = DEV|Any CPU
		{D853C6BE-B0FC-42D9-87C1-17BA9E746999}.DEV|Any CPU.Build.0 = DEV|Any CPU
		{D853C6BE-B0FC-42D9-87C1-17BA9E746999}.DEV|Mixed Platforms.ActiveCfg = DEV|Any CPU
		{D853C6BE-B0FC-42D9-87C1-17BA9E746999}.DEV|Mixed Platforms.Build.0 = DEV|Any CPU
		{D853C6BE-B0FC-42D9-87C1-17BA9E746999}.DEV|PHP 5.5.ActiveCfg = DEV|Any CPU
		{D853C6BE-B0FC-42D9-87C1-17BA9E746999}.DEV|x86.ActiveCfg = DEV|Any CPU
		{D853C6BE-B0FC-42D9-87C1-17BA9E746999}.dev2|Any CPU.ActiveCfg = dev2|Any CPU
		{D853C6BE-B0FC-42D9-87C1-17BA9E746999}.dev2|Any CPU.Build.0 = dev2|Any CPU
		{D853C6BE-B0FC-42D9-87C1-17BA9E746999}.dev2|Mixed Platforms.ActiveCfg = dev2|Any CPU
		{D853C6BE-B0FC-42D9-87C1-17BA9E746999}.dev2|Mixed Platforms.Build.0 = dev2|Any CPU
		{D853C6BE-B0FC-42D9-87C1-17BA9E746999}.dev2|PHP 5.5.ActiveCfg = dev2|Any CPU
		{D853C6BE-B0FC-42D9-87C1-17BA9E746999}.dev2|x86.ActiveCfg = dev2|Any CPU
		{D853C6BE-B0FC-42D9-87C1-17BA9E746999}.dv2|Any CPU.ActiveCfg = dv2|Any CPU
		{D853C6BE-B0FC-42D9-87C1-17BA9E746999}.dv2|Any CPU.Build.0 = dv2|Any CPU
		{D853C6BE-B0FC-42D9-87C1-17BA9E746999}.dv2|Mixed Platforms.ActiveCfg = dv2|Any CPU
		{D853C6BE-B0FC-42D9-87C1-17BA9E746999}.dv2|Mixed Platforms.Build.0 = dv2|Any CPU
		{D853C6BE-B0FC-42D9-87C1-17BA9E746999}.dv2|PHP 5.5.ActiveCfg = dv2|Any CPU
		{D853C6BE-B0FC-42D9-87C1-17BA9E746999}.dv2|x86.ActiveCfg = dv2|Any CPU
		{D853C6BE-B0FC-42D9-87C1-17BA9E746999}.Release|Any CPU.ActiveCfg = Release|Any CPU
		{D853C6BE-B0FC-42D9-87C1-17BA9E746999}.Release|Any CPU.Build.0 = Release|Any CPU
		{D853C6BE-B0FC-42D9-87C1-17BA9E746999}.Release|Mixed Platforms.ActiveCfg = Release|Any CPU
		{D853C6BE-B0FC-42D9-87C1-17BA9E746999}.Release|Mixed Platforms.Build.0 = Release|Any CPU
		{D853C6BE-B0FC-42D9-87C1-17BA9E746999}.Release|PHP 5.5.ActiveCfg = Release|Any CPU
		{D853C6BE-B0FC-42D9-87C1-17BA9E746999}.Release|x86.ActiveCfg = Release|Any CPU
		{EB8B2400-9F8B-42C9-9CD6-58B173BC234F}.Debug|Any CPU.ActiveCfg = Debug|Any CPU
		{EB8B2400-9F8B-42C9-9CD6-58B173BC234F}.Debug|Any CPU.Build.0 = Debug|Any CPU
		{EB8B2400-9F8B-42C9-9CD6-58B173BC234F}.Debug|Mixed Platforms.ActiveCfg = Debug|Any CPU
		{EB8B2400-9F8B-42C9-9CD6-58B173BC234F}.Debug|Mixed Platforms.Build.0 = Debug|Any CPU
		{EB8B2400-9F8B-42C9-9CD6-58B173BC234F}.Debug|PHP 5.5.ActiveCfg = Debug|Any CPU
		{EB8B2400-9F8B-42C9-9CD6-58B173BC234F}.Debug|x86.ActiveCfg = Debug|Any CPU
		{EB8B2400-9F8B-42C9-9CD6-58B173BC234F}.DEV|Any CPU.ActiveCfg = Debug|Any CPU
		{EB8B2400-9F8B-42C9-9CD6-58B173BC234F}.DEV|Any CPU.Build.0 = Debug|Any CPU
		{EB8B2400-9F8B-42C9-9CD6-58B173BC234F}.DEV|Mixed Platforms.ActiveCfg = Debug|Any CPU
		{EB8B2400-9F8B-42C9-9CD6-58B173BC234F}.DEV|Mixed Platforms.Build.0 = Debug|Any CPU
		{EB8B2400-9F8B-42C9-9CD6-58B173BC234F}.DEV|PHP 5.5.ActiveCfg = Debug|Any CPU
		{EB8B2400-9F8B-42C9-9CD6-58B173BC234F}.DEV|x86.ActiveCfg = Debug|Any CPU
		{EB8B2400-9F8B-42C9-9CD6-58B173BC234F}.dev2|Any CPU.ActiveCfg = Debug|Any CPU
		{EB8B2400-9F8B-42C9-9CD6-58B173BC234F}.dev2|Any CPU.Build.0 = Debug|Any CPU
		{EB8B2400-9F8B-42C9-9CD6-58B173BC234F}.dev2|Mixed Platforms.ActiveCfg = Debug|Any CPU
		{EB8B2400-9F8B-42C9-9CD6-58B173BC234F}.dev2|Mixed Platforms.Build.0 = Debug|Any CPU
		{EB8B2400-9F8B-42C9-9CD6-58B173BC234F}.dev2|PHP 5.5.ActiveCfg = Debug|Any CPU
		{EB8B2400-9F8B-42C9-9CD6-58B173BC234F}.dev2|x86.ActiveCfg = Debug|Any CPU
		{EB8B2400-9F8B-42C9-9CD6-58B173BC234F}.dv2|Any CPU.ActiveCfg = Debug|Any CPU
		{EB8B2400-9F8B-42C9-9CD6-58B173BC234F}.dv2|Any CPU.Build.0 = Debug|Any CPU
		{EB8B2400-9F8B-42C9-9CD6-58B173BC234F}.dv2|Mixed Platforms.ActiveCfg = Debug|Any CPU
		{EB8B2400-9F8B-42C9-9CD6-58B173BC234F}.dv2|Mixed Platforms.Build.0 = Debug|Any CPU
		{EB8B2400-9F8B-42C9-9CD6-58B173BC234F}.dv2|PHP 5.5.ActiveCfg = Debug|Any CPU
		{EB8B2400-9F8B-42C9-9CD6-58B173BC234F}.dv2|x86.ActiveCfg = Debug|Any CPU
		{EB8B2400-9F8B-42C9-9CD6-58B173BC234F}.Release|Any CPU.ActiveCfg = Release|Any CPU
		{EB8B2400-9F8B-42C9-9CD6-58B173BC234F}.Release|Any CPU.Build.0 = Release|Any CPU
		{EB8B2400-9F8B-42C9-9CD6-58B173BC234F}.Release|Mixed Platforms.ActiveCfg = Release|Any CPU
		{EB8B2400-9F8B-42C9-9CD6-58B173BC234F}.Release|Mixed Platforms.Build.0 = Release|Any CPU
		{EB8B2400-9F8B-42C9-9CD6-58B173BC234F}.Release|PHP 5.5.ActiveCfg = Release|Any CPU
		{EB8B2400-9F8B-42C9-9CD6-58B173BC234F}.Release|x86.ActiveCfg = Release|Any CPU
	EndGlobalSection
	GlobalSection(SolutionProperties) = preSolution
		HideSolutionNode = FALSE
	EndGlobalSection
EndGlobal
